// !$*UTF8*$!
{
	archiveVersion = 1;
	classes = {
	};
	objectVersion = 50;
	objects = {

/* Begin PBXFileReference section */
		B69D8B3227399BDC00A14D03 /* AUTHORS.md */ = {isa = PBXFileReference; lastKnownFileType = net.daringfireball.markdown; name = AUTHORS.md; path = ../../../AUTHORS.md; sourceTree = "<group>"; };
		B69D8B3427399BDD00A14D03 /* parameters.txt */ = {isa = PBXFileReference; lastKnownFileType = text; path = parameters.txt; sourceTree = "<group>"; };
		B69D8B3527399BDD00A14D03 /* LICENSE */ = {isa = PBXFileReference; lastKnownFileType = text; name = LICENSE; path = ../../../LICENSE; sourceTree = "<group>"; };
		B69D8B3827399BDD00A14D03 /* user_manual.pdf */ = {isa = PBXFileReference; lastKnownFileType = image.pdf; path = user_manual.pdf; sourceTree = "<group>"; };
		B69D8B3927399BDD00A14D03 /* user_manual.bbl */ = {isa = PBXFileReference; lastKnownFileType = text; path = user_manual.bbl; sourceTree = "<group>"; };
		B69D8B3A27399BDD00A14D03 /* user_manual.nlo */ = {isa = PBXFileReference; lastKnownFileType = text; path = user_manual.nlo; sourceTree = "<group>"; };
		B69D8B3C27399BDD00A14D03 /* installation_instructions.tex */ = {isa = PBXFileReference; lastKnownFileType = text; path = installation_instructions.tex; sourceTree = "<group>"; };
		B69D8B3D27399BDD00A14D03 /* parameters_description.tex */ = {isa = PBXFileReference; lastKnownFileType = text; path = parameters_description.tex; sourceTree = "<group>"; };
		B69D8B3E27399BDD00A14D03 /* main_executables_description.tex */ = {isa = PBXFileReference; lastKnownFileType = text; path = main_executables_description.tex; sourceTree = "<group>"; };
		B69D8B3F27399BDD00A14D03 /* introduction.tex */ = {isa = PBXFileReference; lastKnownFileType = text; path = introduction.tex; sourceTree = "<group>"; };
		B69D8B4027399BDD00A14D03 /* simulation_viewer.tex */ = {isa = PBXFileReference; lastKnownFileType = text; path = simulation_viewer.tex; sourceTree = "<group>"; };
		B69D8B4127399BDD00A14D03 /* typical_usage.tex */ = {isa = PBXFileReference; lastKnownFileType = text; path = typical_usage.tex; sourceTree = "<group>"; };
		B69D8B4227399BDD00A14D03 /* user_manual.synctex.gz */ = {isa = PBXFileReference; lastKnownFileType = archive.gzip; path = user_manual.synctex.gz; sourceTree = "<group>"; };
		B69D8B4327399BDD00A14D03 /* user_manual.toc */ = {isa = PBXFileReference; lastKnownFileType = text; path = user_manual.toc; sourceTree = "<group>"; };
		B69D8B4427399BDD00A14D03 /* user_manual.tex */ = {isa = PBXFileReference; lastKnownFileType = text; path = user_manual.tex; sourceTree = "<group>"; };
		B69D8B4527399BDD00A14D03 /* algorithm2e.sty */ = {isa = PBXFileReference; lastKnownFileType = text; path = algorithm2e.sty; sourceTree = "<group>"; };
		B69D8B4627399BDD00A14D03 /* apalike.bst */ = {isa = PBXFileReference; lastKnownFileType = text; path = apalike.bst; sourceTree = "<group>"; };
		B69D8B4827399BDD00A14D03 /* icon.png */ = {isa = PBXFileReference; lastKnownFileType = image.png; path = icon.png; sourceTree = "<group>"; };
		B69D8B4927399BDD00A14D03 /* general_algorithm.pdf */ = {isa = PBXFileReference; lastKnownFileType = image.pdf; path = general_algorithm.pdf; sourceTree = "<group>"; };
		B69D8B4A27399BDD00A14D03 /* general_algorithm.jpg */ = {isa = PBXFileReference; lastKnownFileType = image.jpeg; path = general_algorithm.jpg; sourceTree = "<group>"; };
		B69D8B4B27399BDD00A14D03 /* template.cls */ = {isa = PBXFileReference; lastKnownFileType = text; path = template.cls; sourceTree = "<group>"; };
		B69D8B4C27399BDD00A14D03 /* user_manual.aux */ = {isa = PBXFileReference; lastKnownFileType = text; path = user_manual.aux; sourceTree = "<group>"; };
		B69D8B4D27399BDD00A14D03 /* user_manual.log */ = {isa = PBXFileReference; lastKnownFileType = text; path = user_manual.log; sourceTree = "<group>"; };
		B69D8B4E27399BDD00A14D03 /* battail.sty */ = {isa = PBXFileReference; lastKnownFileType = text; path = battail.sty; sourceTree = "<group>"; };
		B69D8B4F27399BDD00A14D03 /* viewer_example.zip */ = {isa = PBXFileReference; lastKnownFileType = archive.zip; path = viewer_example.zip; sourceTree = "<group>"; };
		B69D8B5127399BDD00A14D03 /* logo-inria.jpg */ = {isa = PBXFileReference; lastKnownFileType = image.jpeg; path = "logo-inria.jpg"; sourceTree = "<group>"; };
		B69D8B5227399BDD00A14D03 /* logo-liris.png */ = {isa = PBXFileReference; lastKnownFileType = image.png; path = "logo-liris.png"; sourceTree = "<group>"; };
		B69D8B5327399BDD00A14D03 /* logo-universite-de-lyon.png */ = {isa = PBXFileReference; lastKnownFileType = image.png; path = "logo-universite-de-lyon.png"; sourceTree = "<group>"; };
		B69D8B5427399BDD00A14D03 /* logo-eu.jpg */ = {isa = PBXFileReference; lastKnownFileType = image.jpeg; path = "logo-eu.jpg"; sourceTree = "<group>"; };
		B69D8B5527399BDD00A14D03 /* logo-insa.png */ = {isa = PBXFileReference; lastKnownFileType = image.png; path = "logo-insa.png"; sourceTree = "<group>"; };
		B69D8B5627399BDD00A14D03 /* general_algorithm.jpg */ = {isa = PBXFileReference; lastKnownFileType = image.jpeg; path = general_algorithm.jpg; sourceTree = "<group>"; };
		B69D8B5727399BDD00A14D03 /* README.md */ = {isa = PBXFileReference; lastKnownFileType = net.daringfireball.markdown; name = README.md; path = ../../../README.md; sourceTree = "<group>"; };
		B69D8B5A27399BDD00A14D03 /* Evo2Sim.xcodeproj */ = {isa = PBXFileReference; lastKnownFileType = "wrapper.pb-project"; path = Evo2Sim.xcodeproj; sourceTree = "<group>"; };
		B69D8B5E27399BDD00A14D03 /* CMakeLists.txt */ = {isa = PBXFileReference; lastKnownFileType = text; name = CMakeLists.txt; path = ../../../CMakeLists.txt; sourceTree = "<group>"; };
		B69D8B6027399BDD00A14D03 /* logo_evo2sim.png */ = {isa = PBXFileReference; lastKnownFileType = image.png; path = logo_evo2sim.png; sourceTree = "<group>"; };
		B69D8B6127399BDD00A14D03 /* logo_evo2sim_small.png */ = {isa = PBXFileReference; lastKnownFileType = image.png; path = logo_evo2sim_small.png; sourceTree = "<group>"; };
		B69D8B6327399BDD00A14D03 /* evo2sim_recover_parameters.cpp */ = {isa = PBXFileReference; lastKnownFileType = sourcecode.cpp.cpp; path = evo2sim_recover_parameters.cpp; sourceTree = "<group>"; };
		B69D8B6427399BDD00A14D03 /* evo2sim_integrated_tests.cpp */ = {isa = PBXFileReference; lastKnownFileType = sourcecode.cpp.cpp; path = evo2sim_integrated_tests.cpp; sourceTree = "<group>"; };
		B69D8B6527399BDD00A14D03 /* evo2sim_bootstrap.cpp */ = {isa = PBXFileReference; lastKnownFileType = sourcecode.cpp.cpp; path = evo2sim_bootstrap.cpp; sourceTree = "<group>"; };
		B69D8B6627399BDD00A14D03 /* evo2sim_unitary_tests.cpp */ = {isa = PBXFileReference; lastKnownFileType = sourcecode.cpp.cpp; path = evo2sim_unitary_tests.cpp; sourceTree = "<group>"; };
		B69D8B6827399BDD00A14D03 /* evo2sim_AB_recover_metabolic_heatmaps.cpp */ = {isa = PBXFileReference; lastKnownFileType = sourcecode.cpp.cpp; path = evo2sim_AB_recover_metabolic_heatmaps.cpp; sourceTree = "<group>"; };
		B69D8B6927399BDD00A14D03 /* evo2sim_AB_recover_statistics.cpp */ = {isa = PBXFileReference; lastKnownFileType = sourcecode.cpp.cpp; path = evo2sim_AB_recover_statistics.cpp; sourceTree = "<group>"; };
		B69D8B6A27399BDD00A14D03 /* evo2sim_AB_black_queen.cpp */ = {isa = PBXFileReference; lastKnownFileType = sourcecode.cpp.cpp; path = evo2sim_AB_black_queen.cpp; sourceTree = "<group>"; };
		B69D8B6B27399BDD00A14D03 /* evo2sim_AB_frequency_dependence.cpp */ = {isa = PBXFileReference; lastKnownFileType = sourcecode.cpp.cpp; path = evo2sim_AB_frequency_dependence.cpp; sourceTree = "<group>"; };
		B69D8B6C27399BDD00A14D03 /* evo2sim_AB_run_competition_experiment.cpp */ = {isa = PBXFileReference; lastKnownFileType = sourcecode.cpp.cpp; path = evo2sim_AB_run_competition_experiment.cpp; sourceTree = "<group>"; };
		B69D8B6D27399BDD00A14D03 /* evo2sim_AB_phylogenetic_diversity.cpp */ = {isa = PBXFileReference; lastKnownFileType = sourcecode.cpp.cpp; path = evo2sim_AB_phylogenetic_diversity.cpp; sourceTree = "<group>"; };
		B69D8B6E27399BDD00A14D03 /* evo2sim_AB_trophic_groups_history.cpp */ = {isa = PBXFileReference; lastKnownFileType = sourcecode.cpp.cpp; path = evo2sim_AB_trophic_groups_history.cpp; sourceTree = "<group>"; };
		B69D8B6F27399BDD00A14D03 /* evo2sim_AB_last_individuals.cpp */ = {isa = PBXFileReference; lastKnownFileType = sourcecode.cpp.cpp; path = evo2sim_AB_last_individuals.cpp; sourceTree = "<group>"; };
		B69D8B7027399BDD00A14D03 /* evo2sim_AB_recover_trophic_statistics.cpp */ = {isa = PBXFileReference; lastKnownFileType = sourcecode.cpp.cpp; path = evo2sim_AB_recover_trophic_statistics.cpp; sourceTree = "<group>"; };
		B69D8B7227399BDD00A14D03 /* Prng.h */ = {isa = PBXFileReference; lastKnownFileType = sourcecode.c.h; path = Prng.h; sourceTree = "<group>"; };
		B69D8B7327399BDD00A14D03 /* Parameters.cpp */ = {isa = PBXFileReference; lastKnownFileType = sourcecode.cpp.cpp; path = Parameters.cpp; sourceTree = "<group>"; };
		B69D8B7427399BDD00A14D03 /* TrophicNetwork.cpp */ = {isa = PBXFileReference; lastKnownFileType = sourcecode.cpp.cpp; path = TrophicNetwork.cpp; sourceTree = "<group>"; };
		B69D8B7527399BDD00A14D03 /* Simulation.h */ = {isa = PBXFileReference; lastKnownFileType = sourcecode.c.h; path = Simulation.h; sourceTree = "<group>"; };
		B69D8B7627399BDD00A14D03 /* InheritedProteins.h */ = {isa = PBXFileReference; lastKnownFileType = sourcecode.c.h; path = InheritedProteins.h; sourceTree = "<group>"; };
		B69D8B7727399BDD00A14D03 /* IntegratedTests.h */ = {isa = PBXFileReference; lastKnownFileType = sourcecode.c.h; path = IntegratedTests.h; sourceTree = "<group>"; };
		B69D8B7827399BDD00A14D03 /* MutationVector.h */ = {isa = PBXFileReference; lastKnownFileType = sourcecode.c.h; path = MutationVector.h; sourceTree = "<group>"; };
		B69D8B7927399BDD00A14D03 /* Genome.cpp */ = {isa = PBXFileReference; lastKnownFileType = sourcecode.cpp.cpp; path = Genome.cpp; sourceTree = "<group>"; };
		B69D8B7A27399BDD00A14D03 /* UnitaryTests.h */ = {isa = PBXFileReference; lastKnownFileType = sourcecode.c.h; path = UnitaryTests.h; sourceTree = "<group>"; };
		B69D8B7B27399BDD00A14D03 /* InheritedProteins.cpp */ = {isa = PBXFileReference; lastKnownFileType = sourcecode.cpp.cpp; path = InheritedProteins.cpp; sourceTree = "<group>"; };
		B69D8B7C27399BDD00A14D03 /* Environment.cpp */ = {isa = PBXFileReference; lastKnownFileType = sourcecode.cpp.cpp; path = Environment.cpp; sourceTree = "<group>"; };
		B69D8B7D27399BDD00A14D03 /* ODE.cpp */ = {isa = PBXFileReference; lastKnownFileType = sourcecode.cpp.cpp; path = ODE.cpp; sourceTree = "<group>"; };
		B69D8B7E27399BDD00A14D03 /* Population.h */ = {isa = PBXFileReference; lastKnownFileType = sourcecode.c.h; path = Population.h; sourceTree = "<group>"; };
		B69D8B7F27399BDD00A14D03 /* SpeciesList.h */ = {isa = PBXFileReference; lastKnownFileType = sourcecode.c.h; path = SpeciesList.h; sourceTree = "<group>"; };
		B69D8B8027399BDD00A14D03 /* Cell.h */ = {isa = PBXFileReference; lastKnownFileType = sourcecode.c.h; path = Cell.h; sourceTree = "<group>"; };
		B69D8B8127399BDD00A14D03 /* Statistics.cpp */ = {isa = PBXFileReference; lastKnownFileType = sourcecode.cpp.cpp; path = Statistics.cpp; sourceTree = "<group>"; };
		B69D8B8227399BDD00A14D03 /* Node.cpp */ = {isa = PBXFileReference; lastKnownFileType = sourcecode.cpp.cpp; path = Node.cpp; sourceTree = "<group>"; };
		B69D8B8327399BDD00A14D03 /* Cell.cpp */ = {isa = PBXFileReference; lastKnownFileType = sourcecode.cpp.cpp; path = Cell.cpp; sourceTree = "<group>"; };
		B69D8B8427399BDD00A14D03 /* Tree.h */ = {isa = PBXFileReference; lastKnownFileType = sourcecode.c.h; path = Tree.h; sourceTree = "<group>"; };
		B69D8B8527399BDD00A14D03 /* Node.h */ = {isa = PBXFileReference; lastKnownFileType = sourcecode.c.h; path = Node.h; sourceTree = "<group>"; };
		B69D8B8627399BDD00A14D03 /* MutationEvent.cpp */ = {isa = PBXFileReference; lastKnownFileType = sourcecode.cpp.cpp; path = MutationEvent.cpp; sourceTree = "<group>"; };
		B69D8B8727399BDD00A14D03 /* Tree.cpp */ = {isa = PBXFileReference; lastKnownFileType = sourcecode.cpp.cpp; path = Tree.cpp; sourceTree = "<group>"; };
		B69D8B8827399BDD00A14D03 /* ODE.h */ = {isa = PBXFileReference; lastKnownFileType = sourcecode.c.h; path = ODE.h; sourceTree = "<group>"; };
		B69D8B8927399BDD00A14D03 /* Prng.cpp */ = {isa = PBXFileReference; lastKnownFileType = sourcecode.cpp.cpp; path = Prng.cpp; sourceTree = "<group>"; };
		B69D8B8A27399BDD00A14D03 /* Environment.h */ = {isa = PBXFileReference; lastKnownFileType = sourcecode.c.h; path = Environment.h; sourceTree = "<group>"; };
		B69D8B8B27399BDD00A14D03 /* SpeciesList.cpp */ = {isa = PBXFileReference; lastKnownFileType = sourcecode.cpp.cpp; path = SpeciesList.cpp; sourceTree = "<group>"; };
		B69D8B8C27399BDD00A14D03 /* Enums.h */ = {isa = PBXFileReference; lastKnownFileType = sourcecode.c.h; path = Enums.h; sourceTree = "<group>"; };
		B69D8B8D27399BDD00A14D03 /* Population.cpp */ = {isa = PBXFileReference; lastKnownFileType = sourcecode.cpp.cpp; path = Population.cpp; sourceTree = "<group>"; };
		B69D8B8E27399BDD00A14D03 /* Parameters.h */ = {isa = PBXFileReference; lastKnownFileType = sourcecode.c.h; path = Parameters.h; sourceTree = "<group>"; };
		B69D8B8F27399BDD00A14D03 /* Macros.h */ = {isa = PBXFileReference; lastKnownFileType = sourcecode.c.h; path = Macros.h; sourceTree = "<group>"; };
		B69D8B9027399BDD00A14D03 /* ReplicationReport.h */ = {isa = PBXFileReference; lastKnownFileType = sourcecode.c.h; path = ReplicationReport.h; sourceTree = "<group>"; };
		B69D8B9127399BDD00A14D03 /* Statistics.h */ = {isa = PBXFileReference; lastKnownFileType = sourcecode.c.h; path = Statistics.h; sourceTree = "<group>"; };
		B69D8B9227399BDD00A14D03 /* TrophicNetwork.h */ = {isa = PBXFileReference; lastKnownFileType = sourcecode.c.h; path = TrophicNetwork.h; sourceTree = "<group>"; };
		B69D8B9427399BDD00A14D03 /* environment_to_js.py */ = {isa = PBXFileReference; lastKnownFileType = text.script.python; path = environment_to_js.py; sourceTree = "<group>"; };
		B69D8B9527399BDD00A14D03 /* environment_map.py */ = {isa = PBXFileReference; lastKnownFileType = text.script.python; path = environment_map.py; sourceTree = "<group>"; };
		B69D8B9627399BDD00A14D03 /* trophic_network_to_js.py */ = {isa = PBXFileReference; lastKnownFileType = text.script.python; path = trophic_network_to_js.py; sourceTree = "<group>"; };
		B69D8B9727399BDD00A14D03 /* inherited_proteins_to_js.py */ = {isa = PBXFileReference; lastKnownFileType = text.script.python; path = inherited_proteins_to_js.py; sourceTree = "<group>"; };
		B69D8B9827399BDD00A14D03 /* test_equality_operator.py */ = {isa = PBXFileReference; lastKnownFileType = text.script.python; path = test_equality_operator.py; sourceTree = "<group>"; };
		B69D8B9927399BDD00A14D03 /* plot_phylogenetic_tree.R */ = {isa = PBXFileReference; lastKnownFileType = sourcecode.rez; path = plot_phylogenetic_tree.R; sourceTree = "<group>"; };
		B69D8B9A27399BDD00A14D03 /* plot_best_genome_structure.R */ = {isa = PBXFileReference; lastKnownFileType = sourcecode.rez; path = plot_best_genome_structure.R; sourceTree = "<group>"; };
		B69D8B9B27399BDD00A14D03 /* plot_best_phenotype.R */ = {isa = PBXFileReference; lastKnownFileType = sourcecode.rez; path = plot_best_phenotype.R; sourceTree = "<group>"; };
		B69D8B9C27399BDD00A14D03 /* change_version.py */ = {isa = PBXFileReference; lastKnownFileType = text.script.python; path = change_version.py; sourceTree = "<group>"; };
		B69D8B9D27399BDD00A14D03 /* plot_phylogenetic_tree_with_trophic_group.R */ = {isa = PBXFileReference; lastKnownFileType = sourcecode.rez; path = plot_phylogenetic_tree_with_trophic_group.R; sourceTree = "<group>"; };
		B69D8B9E27399BDD00A14D03 /* plot_phylogenetic_tree_with_trophic_level.R */ = {isa = PBXFileReference; lastKnownFileType = sourcecode.rez; path = plot_phylogenetic_tree_with_trophic_level.R; sourceTree = "<group>"; };
		B69D8BA027399BDD00A14D03 /* viewer.html */ = {isa = PBXFileReference; lastKnownFileType = text.html; path = viewer.html; sourceTree = "<group>"; };
		B69D8BA327399BDD00A14D03 /* bootstrap.min.css */ = {isa = PBXFileReference; lastKnownFileType = text.css; path = bootstrap.min.css; sourceTree = "<group>"; };
		B69D8BA427399BDD00A14D03 /* bootstrap.css */ = {isa = PBXFileReference; lastKnownFileType = text.css; path = bootstrap.css; sourceTree = "<group>"; };
		B69D8BA527399BDD00A14D03 /* bootstrap.css.map */ = {isa = PBXFileReference; lastKnownFileType = "sourcecode.module-map"; path = bootstrap.css.map; sourceTree = "<group>"; };
		B69D8BA627399BDD00A14D03 /* bootstrap-theme.css.map */ = {isa = PBXFileReference; lastKnownFileType = "sourcecode.module-map"; path = "bootstrap-theme.css.map"; sourceTree = "<group>"; };
		B69D8BA727399BDD00A14D03 /* bootstrap-theme.css */ = {isa = PBXFileReference; lastKnownFileType = text.css; path = "bootstrap-theme.css"; sourceTree = "<group>"; };
		B69D8BA827399BDD00A14D03 /* bootstrap-theme.min.css */ = {isa = PBXFileReference; lastKnownFileType = text.css; path = "bootstrap-theme.min.css"; sourceTree = "<group>"; };
		B69D8BAA27399BDD00A14D03 /* dygraph-combined-dev.js */ = {isa = PBXFileReference; lastKnownFileType = sourcecode.javascript; path = "dygraph-combined-dev.js"; sourceTree = "<group>"; };
		B69D8BAB27399BDD00A14D03 /* chart.min.js */ = {isa = PBXFileReference; lastKnownFileType = sourcecode.javascript; path = chart.min.js; sourceTree = "<group>"; };
		B69D8BAC27399BDD00A14D03 /* cytoscape.min.js */ = {isa = PBXFileReference; lastKnownFileType = sourcecode.javascript; path = cytoscape.min.js; sourceTree = "<group>"; };
		B69D8BAD27399BDD00A14D03 /* jquery.min.js */ = {isa = PBXFileReference; lastKnownFileType = sourcecode.javascript; path = jquery.min.js; sourceTree = "<group>"; };
		B69D8BAE27399BDD00A14D03 /* bootstrap.min.js */ = {isa = PBXFileReference; lastKnownFileType = sourcecode.javascript; path = bootstrap.min.js; sourceTree = "<group>"; };
		B69D8BAF27399BDD00A14D03 /* synchronizer.js */ = {isa = PBXFileReference; lastKnownFileType = sourcecode.javascript; path = synchronizer.js; sourceTree = "<group>"; };
		B69D8BB127399BDD00A14D03 /* icon.png */ = {isa = PBXFileReference; lastKnownFileType = image.png; path = icon.png; sourceTree = "<group>"; };
		B69D8BB227399BDD00A14D03 /* icon_small.png */ = {isa = PBXFileReference; lastKnownFileType = image.png; path = icon_small.png; sourceTree = "<group>"; };
		B69D8BB427399BDD00A14D03 /* glyphicons-halflings-regular.woff */ = {isa = PBXFileReference; lastKnownFileType = file; path = "glyphicons-halflings-regular.woff"; sourceTree = "<group>"; };
		B69D8BB527399BDD00A14D03 /* glyphicons-halflings-regular.eot */ = {isa = PBXFileReference; lastKnownFileType = file; path = "glyphicons-halflings-regular.eot"; sourceTree = "<group>"; };
		B69D8BB627399BDD00A14D03 /* glyphicons-halflings-regular.ttf */ = {isa = PBXFileReference; lastKnownFileType = file; path = "glyphicons-halflings-regular.ttf"; sourceTree = "<group>"; };
		B69D8BB727399BDD00A14D03 /* glyphicons-halflings-regular.svg */ = {isa = PBXFileReference; lastKnownFileType = text.xml; path = "glyphicons-halflings-regular.svg"; sourceTree = "<group>"; };
		B69D8BB927399BDD00A14D03 /* last_best_individual.html */ = {isa = PBXFileReference; lastKnownFileType = text.html; path = last_best_individual.html; sourceTree = "<group>"; };
		B69D8BBA27399BDD00A14D03 /* help.html */ = {isa = PBXFileReference; lastKnownFileType = text.html; path = help.html; sourceTree = "<group>"; };
		B69D8BBB27399BDD00A14D03 /* phylogeny.html */ = {isa = PBXFileReference; lastKnownFileType = text.html; path = phylogeny.html; sourceTree = "<group>"; };
		B69D8BBC27399BDD00A14D03 /* contact.html */ = {isa = PBXFileReference; lastKnownFileType = text.html; path = contact.html; sourceTree = "<group>"; };
		B69D8BBD27399BDD00A14D03 /* best_lineage.html */ = {isa = PBXFileReference; lastKnownFileType = text.html; path = best_lineage.html; sourceTree = "<group>"; };
		B69D8BBE27399BDD00A14D03 /* license.html */ = {isa = PBXFileReference; lastKnownFileType = text.html; path = license.html; sourceTree = "<group>"; };
		B69D8BBF27399BDD00A14D03 /* population_evolution.html */ = {isa = PBXFileReference; lastKnownFileType = text.html; path = population_evolution.html; sourceTree = "<group>"; };
		B69D8BC027399BDD00A14D03 /* parameters.html */ = {isa = PBXFileReference; lastKnownFileType = text.html; path = parameters.html; sourceTree = "<group>"; };
		B69D8BC127399BDD00A14D03 /* environment_evolution.html */ = {isa = PBXFileReference; lastKnownFileType = text.html; path = environment_evolution.html; sourceTree = "<group>"; };
		B69D8BC227399BDD00A14D03 /* statistics_to_js.py */ = {isa = PBXFileReference; lastKnownFileType = text.script.python; path = statistics_to_js.py; sourceTree = "<group>"; };
		B69D8BC327399BDD00A14D03 /* track_cell.py */ = {isa = PBXFileReference; lastKnownFileType = text.script.python; path = track_cell.py; sourceTree = "<group>"; };
		B69D8BC427399BDD00A14D03 /* genome_to_js.py */ = {isa = PBXFileReference; lastKnownFileType = text.script.python; path = genome_to_js.py; sourceTree = "<group>"; };
		B69D8BC527399BDD00A14D03 /* trophic_groups_to_js.py */ = {isa = PBXFileReference; lastKnownFileType = text.script.python; path = trophic_groups_to_js.py; sourceTree = "<group>"; };
		B69D8BC627399BDD00A14D03 /* networks_to_js.py */ = {isa = PBXFileReference; lastKnownFileType = text.script.python; path = networks_to_js.py; sourceTree = "<group>"; };
		B69D8BC727399BDD00A14D03 /* TrophicGroup.h */ = {isa = PBXFileReference; lastKnownFileType = sourcecode.c.h; path = TrophicGroup.h; sourceTree = "<group>"; };
		B69D8BC827399BDD00A14D03 /* ReplicationReport.cpp */ = {isa = PBXFileReference; lastKnownFileType = sourcecode.cpp.cpp; path = ReplicationReport.cpp; sourceTree = "<group>"; };
		B69D8BC927399BDD00A14D03 /* GraphicDisplay.cpp */ = {isa = PBXFileReference; lastKnownFileType = sourcecode.cpp.cpp; path = GraphicDisplay.cpp; sourceTree = "<group>"; };
		B69D8BCA27399BDD00A14D03 /* Structs.h */ = {isa = PBXFileReference; lastKnownFileType = sourcecode.c.h; path = Structs.h; sourceTree = "<group>"; };
		B69D8BCB27399BDD00A14D03 /* IntegratedTests.cpp */ = {isa = PBXFileReference; lastKnownFileType = sourcecode.cpp.cpp; path = IntegratedTests.cpp; sourceTree = "<group>"; };
		B69D8BCC27399BDD00A14D03 /* TrophicGroup.cpp */ = {isa = PBXFileReference; lastKnownFileType = sourcecode.cpp.cpp; path = TrophicGroup.cpp; sourceTree = "<group>"; };
		B69D8BCD27399BDD00A14D03 /* MutationEvent.h */ = {isa = PBXFileReference; lastKnownFileType = sourcecode.c.h; path = MutationEvent.h; sourceTree = "<group>"; };
		B69D8BCF27399BDD00A14D03 /* andale_mono.ttf */ = {isa = PBXFileReference; lastKnownFileType = file; path = andale_mono.ttf; sourceTree = "<group>"; };
		B69D8BD027399BDD00A14D03 /* Genome.h */ = {isa = PBXFileReference; lastKnownFileType = sourcecode.c.h; path = Genome.h; sourceTree = "<group>"; };
		B69D8BD127399BDD00A14D03 /* Simulation.cpp */ = {isa = PBXFileReference; lastKnownFileType = sourcecode.cpp.cpp; path = Simulation.cpp; sourceTree = "<group>"; };
		B69D8BD227399BDD00A14D03 /* GraphicDisplay.h */ = {isa = PBXFileReference; lastKnownFileType = sourcecode.c.h; path = GraphicDisplay.h; sourceTree = "<group>"; };
		B69D8BD327399BDD00A14D03 /* UnitaryTests.cpp */ = {isa = PBXFileReference; lastKnownFileType = sourcecode.cpp.cpp; path = UnitaryTests.cpp; sourceTree = "<group>"; };
		B69D8BD427399BDD00A14D03 /* MutationVector.cpp */ = {isa = PBXFileReference; lastKnownFileType = sourcecode.cpp.cpp; path = MutationVector.cpp; sourceTree = "<group>"; };
		B69D8BD527399BDD00A14D03 /* evo2sim_run.cpp */ = {isa = PBXFileReference; lastKnownFileType = sourcecode.cpp.cpp; path = evo2sim_run.cpp; sourceTree = "<group>"; };
		B69D8BD627399BDD00A14D03 /* evo2sim_generate_figures.cpp */ = {isa = PBXFileReference; lastKnownFileType = sourcecode.cpp.cpp; path = evo2sim_generate_figures.cpp; sourceTree = "<group>"; };
		B69D8BD727399BDD00A14D03 /* evo2sim_create.cpp */ = {isa = PBXFileReference; lastKnownFileType = sourcecode.cpp.cpp; path = evo2sim_create.cpp; sourceTree = "<group>"; };
		B69D8BD927399BDD00A14D03 /* make_clean.sh */ = {isa = PBXFileReference; lastKnownFileType = text.script.sh; path = make_clean.sh; sourceTree = "<group>"; };
		B69D8BDA27399BDD00A14D03 /* make_no_graphics.sh */ = {isa = PBXFileReference; lastKnownFileType = text.script.sh; path = make_no_graphics.sh; sourceTree = "<group>"; };
		B69D8BDB27399BDD00A14D03 /* make.sh */ = {isa = PBXFileReference; lastKnownFileType = text.script.sh; path = make.sh; sourceTree = "<group>"; };
		B69D8CA527399BDD00A14D03 /* make_debug.sh */ = {isa = PBXFileReference; lastKnownFileType = text.script.sh; path = make_debug.sh; sourceTree = "<group>"; };
		B69D8CA927399BDD00A14D03 /* Config.h.in */ = {isa = PBXFileReference; lastKnownFileType = text; path = Config.h.in; sourceTree = "<group>"; };
		B69D8CAA27399BDD00A14D03 /* FindSFML.cmake */ = {isa = PBXFileReference; lastKnownFileType = text; path = FindSFML.cmake; sourceTree = "<group>"; };
		B69D8CAB27399BDD00A14D03 /* FindGSL.cmake */ = {isa = PBXFileReference; lastKnownFileType = text; path = FindGSL.cmake; sourceTree = "<group>"; };
/* End PBXFileReference section */

/* Begin PBXGroup section */
		B69D8B1B27399B8900A14D03 = {
			isa = PBXGroup;
			children = (
				B69D8B2627399B8900A14D03 /* Evo2Sim */,
				B69D8B2527399B8900A14D03 /* Products */,
			);
			sourceTree = "<group>";
		};
		B69D8B2527399B8900A14D03 /* Products */ = {
			isa = PBXGroup;
			children = (
			);
			name = Products;
			sourceTree = "<group>";
		};
		B69D8B2627399B8900A14D03 /* Evo2Sim */ = {
			isa = PBXGroup;
			children = (
				B69D8B5727399BDD00A14D03 /* README.md */,
				B69D8B3227399BDC00A14D03 /* AUTHORS.md */,
				B69D8B3527399BDD00A14D03 /* LICENSE */,
				B69D8B5E27399BDD00A14D03 /* CMakeLists.txt */,
				B69D8B3027399BDC00A14D03 /* build */,
				B69D8BD827399BDD00A14D03 /* cmake */,
				B69D8B3627399BDD00A14D03 /* docs */,
				B69D8B3327399BDD00A14D03 /* example */,
				B69D8B5F27399BDD00A14D03 /* logo */,
				B69D8B6227399BDD00A14D03 /* src */,
				B69D8B5827399BDD00A14D03 /* xcode */,
			);
			path = Evo2Sim;
			sourceTree = "<group>";
		};
		B69D8B3027399BDC00A14D03 /* build */ = {
			isa = PBXGroup;
			children = (
				B69D8B3127399BDC00A14D03 /* bin */,
			);
			name = build;
			path = ../../../build;
			sourceTree = "<group>";
		};
		B69D8B3127399BDC00A14D03 /* bin */ = {
			isa = PBXGroup;
			children = (
			);
			path = bin;
			sourceTree = "<group>";
		};
		B69D8B3327399BDD00A14D03 /* example */ = {
			isa = PBXGroup;
			children = (
				B69D8B3427399BDD00A14D03 /* parameters.txt */,
			);
			name = example;
			path = ../../../example;
			sourceTree = "<group>";
		};
		B69D8B3627399BDD00A14D03 /* docs */ = {
			isa = PBXGroup;
			children = (
				B69D8B3727399BDD00A14D03 /* user_manual */,
				B69D8B4F27399BDD00A14D03 /* viewer_example.zip */,
				B69D8B5027399BDD00A14D03 /* readme_img */,
			);
			name = docs;
			path = ../../../docs;
			sourceTree = "<group>";
		};
		B69D8B3727399BDD00A14D03 /* user_manual */ = {
			isa = PBXGroup;
			children = (
				B69D8B3827399BDD00A14D03 /* user_manual.pdf */,
				B69D8B3927399BDD00A14D03 /* user_manual.bbl */,
				B69D8B3A27399BDD00A14D03 /* user_manual.nlo */,
				B69D8B3B27399BDD00A14D03 /* source */,
				B69D8B4227399BDD00A14D03 /* user_manual.synctex.gz */,
				B69D8B4327399BDD00A14D03 /* user_manual.toc */,
				B69D8B4427399BDD00A14D03 /* user_manual.tex */,
				B69D8B4527399BDD00A14D03 /* algorithm2e.sty */,
				B69D8B4627399BDD00A14D03 /* apalike.bst */,
				B69D8B4727399BDD00A14D03 /* figures */,
				B69D8B4B27399BDD00A14D03 /* template.cls */,
				B69D8B4C27399BDD00A14D03 /* user_manual.aux */,
				B69D8B4D27399BDD00A14D03 /* user_manual.log */,
				B69D8B4E27399BDD00A14D03 /* battail.sty */,
			);
			path = user_manual;
			sourceTree = "<group>";
		};
		B69D8B3B27399BDD00A14D03 /* source */ = {
			isa = PBXGroup;
			children = (
				B69D8B3C27399BDD00A14D03 /* installation_instructions.tex */,
				B69D8B3D27399BDD00A14D03 /* parameters_description.tex */,
				B69D8B3E27399BDD00A14D03 /* main_executables_description.tex */,
				B69D8B3F27399BDD00A14D03 /* introduction.tex */,
				B69D8B4027399BDD00A14D03 /* simulation_viewer.tex */,
				B69D8B4127399BDD00A14D03 /* typical_usage.tex */,
			);
			path = source;
			sourceTree = "<group>";
		};
		B69D8B4727399BDD00A14D03 /* figures */ = {
			isa = PBXGroup;
			children = (
				B69D8B4827399BDD00A14D03 /* icon.png */,
				B69D8B4927399BDD00A14D03 /* general_algorithm.pdf */,
				B69D8B4A27399BDD00A14D03 /* general_algorithm.jpg */,
			);
			path = figures;
			sourceTree = "<group>";
		};
		B69D8B5027399BDD00A14D03 /* readme_img */ = {
			isa = PBXGroup;
			children = (
				B69D8B5127399BDD00A14D03 /* logo-inria.jpg */,
				B69D8B5227399BDD00A14D03 /* logo-liris.png */,
				B69D8B5327399BDD00A14D03 /* logo-universite-de-lyon.png */,
				B69D8B5427399BDD00A14D03 /* logo-eu.jpg */,
				B69D8B5527399BDD00A14D03 /* logo-insa.png */,
				B69D8B5627399BDD00A14D03 /* general_algorithm.jpg */,
			);
			path = readme_img;
			sourceTree = "<group>";
		};
		B69D8B5827399BDD00A14D03 /* xcode */ = {
			isa = PBXGroup;
			children = (
				B69D8B5927399BDD00A14D03 /* Evo2Sim */,
			);
			name = xcode;
			path = ../..;
			sourceTree = "<group>";
		};
		B69D8B5927399BDD00A14D03 /* Evo2Sim */ = {
			isa = PBXGroup;
			children = (
				B69D8B5A27399BDD00A14D03 /* Evo2Sim.xcodeproj */,
				B69D8B5D27399BDD00A14D03 /* Evo2Sim */,
			);
			path = Evo2Sim;
			sourceTree = "<group>";
		};
		B69D8B5B27399BDD00A14D03 /* Products */ = {
			isa = PBXGroup;
			name = Products;
			sourceTree = "<group>";
		};
		B69D8B5D27399BDD00A14D03 /* Evo2Sim */ = {
			isa = PBXGroup;
			children = (
			);
			path = Evo2Sim;
			sourceTree = "<group>";
		};
		B69D8B5F27399BDD00A14D03 /* logo */ = {
			isa = PBXGroup;
			children = (
				B69D8B6027399BDD00A14D03 /* logo_evo2sim.png */,
				B69D8B6127399BDD00A14D03 /* logo_evo2sim_small.png */,
			);
			name = logo;
			path = ../../../logo;
			sourceTree = "<group>";
		};
		B69D8B6227399BDD00A14D03 /* src */ = {
			isa = PBXGroup;
			children = (
				B69D8BD727399BDD00A14D03 /* evo2sim_create.cpp */,
				B69D8B6527399BDD00A14D03 /* evo2sim_bootstrap.cpp */,
				B69D8BD527399BDD00A14D03 /* evo2sim_run.cpp */,
				B69D8B6327399BDD00A14D03 /* evo2sim_recover_parameters.cpp */,
				B69D8B6427399BDD00A14D03 /* evo2sim_integrated_tests.cpp */,
				B69D8B6627399BDD00A14D03 /* evo2sim_unitary_tests.cpp */,
				B69D8BD627399BDD00A14D03 /* evo2sim_generate_figures.cpp */,
				B69D8B6727399BDD00A14D03 /* AB_post_treatments */,
				B69D8B7127399BDD00A14D03 /* lib */,
			);
			name = src;
			path = ../../../src;
			sourceTree = "<group>";
		};
		B69D8B6727399BDD00A14D03 /* AB_post_treatments */ = {
			isa = PBXGroup;
			children = (
				B69D8B6827399BDD00A14D03 /* evo2sim_AB_recover_metabolic_heatmaps.cpp */,
				B69D8B6927399BDD00A14D03 /* evo2sim_AB_recover_statistics.cpp */,
				B69D8B6A27399BDD00A14D03 /* evo2sim_AB_black_queen.cpp */,
				B69D8B6B27399BDD00A14D03 /* evo2sim_AB_frequency_dependence.cpp */,
				B69D8B6C27399BDD00A14D03 /* evo2sim_AB_run_competition_experiment.cpp */,
				B69D8B6D27399BDD00A14D03 /* evo2sim_AB_phylogenetic_diversity.cpp */,
				B69D8B6E27399BDD00A14D03 /* evo2sim_AB_trophic_groups_history.cpp */,
				B69D8B6F27399BDD00A14D03 /* evo2sim_AB_last_individuals.cpp */,
				B69D8B7027399BDD00A14D03 /* evo2sim_AB_recover_trophic_statistics.cpp */,
			);
			path = AB_post_treatments;
			sourceTree = "<group>";
		};
		B69D8B7127399BDD00A14D03 /* lib */ = {
			isa = PBXGroup;
			children = (
				B69D8B8F27399BDD00A14D03 /* Macros.h */,
				B69D8B8C27399BDD00A14D03 /* Enums.h */,
				B69D8BCA27399BDD00A14D03 /* Structs.h */,
				B69D8B7227399BDD00A14D03 /* Prng.h */,
				B69D8B8927399BDD00A14D03 /* Prng.cpp */,
				B69D8B8E27399BDD00A14D03 /* Parameters.h */,
				B69D8B7327399BDD00A14D03 /* Parameters.cpp */,
				B69D8B7827399BDD00A14D03 /* MutationVector.h */,
				B69D8BD427399BDD00A14D03 /* MutationVector.cpp */,
				B69D8BCD27399BDD00A14D03 /* MutationEvent.h */,
				B69D8B8627399BDD00A14D03 /* MutationEvent.cpp */,
				B69D8B9027399BDD00A14D03 /* ReplicationReport.h */,
				B69D8BC827399BDD00A14D03 /* ReplicationReport.cpp */,
				B69D8BD027399BDD00A14D03 /* Genome.h */,
				B69D8B7927399BDD00A14D03 /* Genome.cpp */,
				B69D8B7627399BDD00A14D03 /* InheritedProteins.h */,
				B69D8B7B27399BDD00A14D03 /* InheritedProteins.cpp */,
				B69D8B7F27399BDD00A14D03 /* SpeciesList.h */,
				B69D8B8B27399BDD00A14D03 /* SpeciesList.cpp */,
				B69D8B8827399BDD00A14D03 /* ODE.h */,
				B69D8B7D27399BDD00A14D03 /* ODE.cpp */,
				B69D8B8027399BDD00A14D03 /* Cell.h */,
				B69D8B8327399BDD00A14D03 /* Cell.cpp */,
				B69D8B7E27399BDD00A14D03 /* Population.h */,
				B69D8B8D27399BDD00A14D03 /* Population.cpp */,
				B69D8B8A27399BDD00A14D03 /* Environment.h */,
				B69D8B7C27399BDD00A14D03 /* Environment.cpp */,
				B69D8B8527399BDD00A14D03 /* Node.h */,
				B69D8B8227399BDD00A14D03 /* Node.cpp */,
				B69D8B8427399BDD00A14D03 /* Tree.h */,
				B69D8B8727399BDD00A14D03 /* Tree.cpp */,
				B69D8BC727399BDD00A14D03 /* TrophicGroup.h */,
				B69D8BCC27399BDD00A14D03 /* TrophicGroup.cpp */,
				B69D8B9227399BDD00A14D03 /* TrophicNetwork.h */,
				B69D8B7427399BDD00A14D03 /* TrophicNetwork.cpp */,
				B69D8B9127399BDD00A14D03 /* Statistics.h */,
				B69D8B8127399BDD00A14D03 /* Statistics.cpp */,
				B69D8B7527399BDD00A14D03 /* Simulation.h */,
				B69D8BD127399BDD00A14D03 /* Simulation.cpp */,
				B69D8BD227399BDD00A14D03 /* GraphicDisplay.h */,
				B69D8BC927399BDD00A14D03 /* GraphicDisplay.cpp */,
				B69D8B7A27399BDD00A14D03 /* UnitaryTests.h */,
				B69D8BD327399BDD00A14D03 /* UnitaryTests.cpp */,
				B69D8B7727399BDD00A14D03 /* IntegratedTests.h */,
				B69D8BCB27399BDD00A14D03 /* IntegratedTests.cpp */,
				B69D8B9327399BDD00A14D03 /* scripts */,
				B69D8BCE27399BDD00A14D03 /* fonts */,
			);
			path = lib;
			sourceTree = "<group>";
		};
		B69D8B9327399BDD00A14D03 /* scripts */ = {
			isa = PBXGroup;
			children = (
				B69D8B9427399BDD00A14D03 /* environment_to_js.py */,
				B69D8B9527399BDD00A14D03 /* environment_map.py */,
				B69D8B9627399BDD00A14D03 /* trophic_network_to_js.py */,
				B69D8B9727399BDD00A14D03 /* inherited_proteins_to_js.py */,
				B69D8B9827399BDD00A14D03 /* test_equality_operator.py */,
				B69D8B9927399BDD00A14D03 /* plot_phylogenetic_tree.R */,
				B69D8B9A27399BDD00A14D03 /* plot_best_genome_structure.R */,
				B69D8B9B27399BDD00A14D03 /* plot_best_phenotype.R */,
				B69D8B9C27399BDD00A14D03 /* change_version.py */,
				B69D8B9D27399BDD00A14D03 /* plot_phylogenetic_tree_with_trophic_group.R */,
				B69D8B9E27399BDD00A14D03 /* plot_phylogenetic_tree_with_trophic_level.R */,
				B69D8BC227399BDD00A14D03 /* statistics_to_js.py */,
				B69D8BC327399BDD00A14D03 /* track_cell.py */,
				B69D8BC427399BDD00A14D03 /* genome_to_js.py */,
				B69D8BC527399BDD00A14D03 /* trophic_groups_to_js.py */,
				B69D8BC627399BDD00A14D03 /* networks_to_js.py */,
				B69D8B9F27399BDD00A14D03 /* viewer */,
			);
			path = scripts;
			sourceTree = "<group>";
		};
		B69D8B9F27399BDD00A14D03 /* viewer */ = {
			isa = PBXGroup;
			children = (
				B69D8BA027399BDD00A14D03 /* viewer.html */,
				B69D8BA127399BDD00A14D03 /* src */,
			);
			path = viewer;
			sourceTree = "<group>";
		};
		B69D8BA127399BDD00A14D03 /* src */ = {
			isa = PBXGroup;
			children = (
				B69D8BA227399BDD00A14D03 /* css */,
				B69D8BA927399BDD00A14D03 /* js */,
				B69D8BB027399BDD00A14D03 /* icons */,
				B69D8BB327399BDD00A14D03 /* fonts */,
				B69D8BB827399BDD00A14D03 /* pages */,
			);
			path = src;
			sourceTree = "<group>";
		};
		B69D8BA227399BDD00A14D03 /* css */ = {
			isa = PBXGroup;
			children = (
				B69D8BA327399BDD00A14D03 /* bootstrap.min.css */,
				B69D8BA427399BDD00A14D03 /* bootstrap.css */,
				B69D8BA527399BDD00A14D03 /* bootstrap.css.map */,
				B69D8BA627399BDD00A14D03 /* bootstrap-theme.css.map */,
				B69D8BA727399BDD00A14D03 /* bootstrap-theme.css */,
				B69D8BA827399BDD00A14D03 /* bootstrap-theme.min.css */,
			);
			path = css;
			sourceTree = "<group>";
		};
		B69D8BA927399BDD00A14D03 /* js */ = {
			isa = PBXGroup;
			children = (
				B69D8BAA27399BDD00A14D03 /* dygraph-combined-dev.js */,
				B69D8BAB27399BDD00A14D03 /* chart.min.js */,
				B69D8BAC27399BDD00A14D03 /* cytoscape.min.js */,
				B69D8BAD27399BDD00A14D03 /* jquery.min.js */,
				B69D8BAE27399BDD00A14D03 /* bootstrap.min.js */,
				B69D8BAF27399BDD00A14D03 /* synchronizer.js */,
			);
			path = js;
			sourceTree = "<group>";
		};
		B69D8BB027399BDD00A14D03 /* icons */ = {
			isa = PBXGroup;
			children = (
				B69D8BB127399BDD00A14D03 /* icon.png */,
				B69D8BB227399BDD00A14D03 /* icon_small.png */,
			);
			path = icons;
			sourceTree = "<group>";
		};
		B69D8BB327399BDD00A14D03 /* fonts */ = {
			isa = PBXGroup;
			children = (
				B69D8BB427399BDD00A14D03 /* glyphicons-halflings-regular.woff */,
				B69D8BB527399BDD00A14D03 /* glyphicons-halflings-regular.eot */,
				B69D8BB627399BDD00A14D03 /* glyphicons-halflings-regular.ttf */,
				B69D8BB727399BDD00A14D03 /* glyphicons-halflings-regular.svg */,
			);
			path = fonts;
			sourceTree = "<group>";
		};
		B69D8BB827399BDD00A14D03 /* pages */ = {
			isa = PBXGroup;
			children = (
				B69D8BB927399BDD00A14D03 /* last_best_individual.html */,
				B69D8BBA27399BDD00A14D03 /* help.html */,
				B69D8BBB27399BDD00A14D03 /* phylogeny.html */,
				B69D8BBC27399BDD00A14D03 /* contact.html */,
				B69D8BBD27399BDD00A14D03 /* best_lineage.html */,
				B69D8BBE27399BDD00A14D03 /* license.html */,
				B69D8BBF27399BDD00A14D03 /* population_evolution.html */,
				B69D8BC027399BDD00A14D03 /* parameters.html */,
				B69D8BC127399BDD00A14D03 /* environment_evolution.html */,
			);
			path = pages;
			sourceTree = "<group>";
		};
		B69D8BCE27399BDD00A14D03 /* fonts */ = {
			isa = PBXGroup;
			children = (
				B69D8BCF27399BDD00A14D03 /* andale_mono.ttf */,
			);
			path = fonts;
			sourceTree = "<group>";
		};
		B69D8BD827399BDD00A14D03 /* cmake */ = {
			isa = PBXGroup;
			children = (
				B69D8BDB27399BDD00A14D03 /* make.sh */,
				B69D8CA527399BDD00A14D03 /* make_debug.sh */,
				B69D8BD927399BDD00A14D03 /* make_clean.sh */,
				B69D8BDA27399BDD00A14D03 /* make_no_graphics.sh */,
				B69D8CA727399BDD00A14D03 /* modules */,
			);
			name = cmake;
			path = ../../../cmake;
			sourceTree = "<group>";
		};
		B69D8CA727399BDD00A14D03 /* modules */ = {
			isa = PBXGroup;
			children = (
				B69D8CA927399BDD00A14D03 /* Config.h.in */,
				B69D8CAA27399BDD00A14D03 /* FindSFML.cmake */,
				B69D8CAB27399BDD00A14D03 /* FindGSL.cmake */,
			);
			path = modules;
			sourceTree = "<group>";
		};
/* End PBXGroup section */

/* Begin PBXProject section */
		B69D8B1C27399B8900A14D03 /* Project object */ = {
			isa = PBXProject;
			attributes = {
				LastUpgradeCheck = 1240;
			};
			buildConfigurationList = B69D8B1F27399B8900A14D03 /* Build configuration list for PBXProject "Evo2Sim" */;
			compatibilityVersion = "Xcode 9.3";
			developmentRegion = en;
			hasScannedForEncodings = 0;
			knownRegions = (
				en,
				Base,
			);
			mainGroup = B69D8B1B27399B8900A14D03;
			productRefGroup = B69D8B2527399B8900A14D03 /* Products */;
			projectDirPath = "";
			projectReferences = (
				{
					ProductGroup = B69D8B5B27399BDD00A14D03 /* Products */;
					ProjectRef = B69D8B5A27399BDD00A14D03 /* Evo2Sim.xcodeproj */;
				},
			);
			projectRoot = "";
			targets = (
			);
		};
/* End PBXProject section */

/* Begin XCBuildConfiguration section */
		B69D8B2927399B8900A14D03 /* Debug */ = {
			isa = XCBuildConfiguration;
			buildSettings = {
				ALWAYS_SEARCH_USER_PATHS = NO;
				CLANG_ANALYZER_NONNULL = YES;
				CLANG_ANALYZER_NUMBER_OBJECT_CONVERSION = YES_AGGRESSIVE;
				CLANG_CXX_LANGUAGE_STANDARD = "gnu++14";
				CLANG_CXX_LIBRARY = "libc++";
				CLANG_ENABLE_MODULES = YES;
				CLANG_ENABLE_OBJC_ARC = YES;
				CLANG_ENABLE_OBJC_WEAK = YES;
				CLANG_WARN_BLOCK_CAPTURE_AUTORELEASING = YES;
				CLANG_WARN_BOOL_CONVERSION = YES;
				CLANG_WARN_COMMA = YES;
				CLANG_WARN_CONSTANT_CONVERSION = YES;
				CLANG_WARN_DEPRECATED_OBJC_IMPLEMENTATIONS = YES;
				CLANG_WARN_DIRECT_OBJC_ISA_USAGE = YES_ERROR;
				CLANG_WARN_DOCUMENTATION_COMMENTS = YES;
				CLANG_WARN_EMPTY_BODY = YES;
				CLANG_WARN_ENUM_CONVERSION = YES;
				CLANG_WARN_INFINITE_RECURSION = YES;
				CLANG_WARN_INT_CONVERSION = YES;
				CLANG_WARN_NON_LITERAL_NULL_CONVERSION = YES;
				CLANG_WARN_OBJC_IMPLICIT_RETAIN_SELF = YES;
				CLANG_WARN_OBJC_LITERAL_CONVERSION = YES;
				CLANG_WARN_OBJC_ROOT_CLASS = YES_ERROR;
				CLANG_WARN_QUOTED_INCLUDE_IN_FRAMEWORK_HEADER = YES;
				CLANG_WARN_RANGE_LOOP_ANALYSIS = YES;
				CLANG_WARN_STRICT_PROTOTYPES = YES;
				CLANG_WARN_SUSPICIOUS_MOVE = YES;
				CLANG_WARN_UNGUARDED_AVAILABILITY = YES_AGGRESSIVE;
				CLANG_WARN_UNREACHABLE_CODE = YES;
				CLANG_WARN__DUPLICATE_METHOD_MATCH = YES;
				COPY_PHASE_STRIP = NO;
				DEBUG_INFORMATION_FORMAT = dwarf;
				ENABLE_STRICT_OBJC_MSGSEND = YES;
				ENABLE_TESTABILITY = YES;
				GCC_C_LANGUAGE_STANDARD = gnu11;
				GCC_DYNAMIC_NO_PIC = NO;
				GCC_NO_COMMON_BLOCKS = YES;
				GCC_OPTIMIZATION_LEVEL = 0;
				GCC_PREPROCESSOR_DEFINITIONS = (
					"DEBUG=1",
					"$(inherited)",
				);
				GCC_WARN_64_TO_32_BIT_CONVERSION = YES;
				GCC_WARN_ABOUT_RETURN_TYPE = YES_ERROR;
				GCC_WARN_UNDECLARED_SELECTOR = YES;
				GCC_WARN_UNINITIALIZED_AUTOS = YES_AGGRESSIVE;
				GCC_WARN_UNUSED_FUNCTION = YES;
				GCC_WARN_UNUSED_VARIABLE = YES;
				MACOSX_DEPLOYMENT_TARGET = 10.15;
				MTL_ENABLE_DEBUG_INFO = INCLUDE_SOURCE;
				MTL_FAST_MATH = YES;
				ONLY_ACTIVE_ARCH = YES;
				SDKROOT = macosx;
			};
			name = Debug;
		};
		B69D8B2A27399B8900A14D03 /* Release */ = {
			isa = XCBuildConfiguration;
			buildSettings = {
				ALWAYS_SEARCH_USER_PATHS = NO;
				CLANG_ANALYZER_NONNULL = YES;
				CLANG_ANALYZER_NUMBER_OBJECT_CONVERSION = YES_AGGRESSIVE;
				CLANG_CXX_LANGUAGE_STANDARD = "gnu++14";
				CLANG_CXX_LIBRARY = "libc++";
				CLANG_ENABLE_MODULES = YES;
				CLANG_ENABLE_OBJC_ARC = YES;
				CLANG_ENABLE_OBJC_WEAK = YES;
				CLANG_WARN_BLOCK_CAPTURE_AUTORELEASING = YES;
				CLANG_WARN_BOOL_CONVERSION = YES;
				CLANG_WARN_COMMA = YES;
				CLANG_WARN_CONSTANT_CONVERSION = YES;
				CLANG_WARN_DEPRECATED_OBJC_IMPLEMENTATIONS = YES;
				CLANG_WARN_DIRECT_OBJC_ISA_USAGE = YES_ERROR;
				CLANG_WARN_DOCUMENTATION_COMMENTS = YES;
				CLANG_WARN_EMPTY_BODY = YES;
				CLANG_WARN_ENUM_CONVERSION = YES;
				CLANG_WARN_INFINITE_RECURSION = YES;
				CLANG_WARN_INT_CONVERSION = YES;
				CLANG_WARN_NON_LITERAL_NULL_CONVERSION = YES;
				CLANG_WARN_OBJC_IMPLICIT_RETAIN_SELF = YES;
				CLANG_WARN_OBJC_LITERAL_CONVERSION = YES;
				CLANG_WARN_OBJC_ROOT_CLASS = YES_ERROR;
				CLANG_WARN_QUOTED_INCLUDE_IN_FRAMEWORK_HEADER = YES;
				CLANG_WARN_RANGE_LOOP_ANALYSIS = YES;
				CLANG_WARN_STRICT_PROTOTYPES = YES;
				CLANG_WARN_SUSPICIOUS_MOVE = YES;
				CLANG_WARN_UNGUARDED_AVAILABILITY = YES_AGGRESSIVE;
				CLANG_WARN_UNREACHABLE_CODE = YES;
				CLANG_WARN__DUPLICATE_METHOD_MATCH = YES;
				COPY_PHASE_STRIP = NO;
				DEBUG_INFORMATION_FORMAT = "dwarf-with-dsym";
				ENABLE_NS_ASSERTIONS = NO;
				ENABLE_STRICT_OBJC_MSGSEND = YES;
				GCC_C_LANGUAGE_STANDARD = gnu11;
				GCC_NO_COMMON_BLOCKS = YES;
				GCC_WARN_64_TO_32_BIT_CONVERSION = YES;
				GCC_WARN_ABOUT_RETURN_TYPE = YES_ERROR;
				GCC_WARN_UNDECLARED_SELECTOR = YES;
				GCC_WARN_UNINITIALIZED_AUTOS = YES_AGGRESSIVE;
				GCC_WARN_UNUSED_FUNCTION = YES;
				GCC_WARN_UNUSED_VARIABLE = YES;
				MACOSX_DEPLOYMENT_TARGET = 10.15;
				MTL_ENABLE_DEBUG_INFO = NO;
				MTL_FAST_MATH = YES;
				SDKROOT = macosx;
			};
			name = Release;
		};
/* End XCBuildConfiguration section */

/* Begin XCConfigurationList section */
		B69D8B1F27399B8900A14D03 /* Build configuration list for PBXProject "Evo2Sim" */ = {
			isa = XCConfigurationList;
			buildConfigurations = (
				B69D8B2927399B8900A14D03 /* Debug */,
				B69D8B2A27399B8900A14D03 /* Release */,
			);
			defaultConfigurationIsVisible = 0;
			defaultConfigurationName = Release;
		};
/* End XCConfigurationList section */
	};
	rootObject = B69D8B1C27399B8900A14D03 /* Project object */;
}
